
Microsoft Visual Studio Solution File, Format Version 12.00
# Visual Studio Version 17
VisualStudioVersion = 17.11.35303.130
MinimumVisualStudioVersion = 10.0.40219.1
Project("{2150E333-8FDC-42A3-9474-1A3956D46DE8}") = "Task0", "Task0", "{3D382CFE-59FD-4C57-9932-265890633A2B}"
EndProject
Project("{9A19103F-16F7-4668-BE54-9A1E7A4F7556}") = "Tyuiu.GairabekovMR.Sprint1.Task0.V19", "Tyuiu.GairabekovMr.Sprint1.Task0.V19\Tyuiu.GairabekovMR.Sprint1.Task0.V19.csproj", "{D2C63F0F-AA32-46E0-BBC4-A4CB7DC9C38B}"
EndProject
Project("{9A19103F-16F7-4668-BE54-9A1E7A4F7556}") = "Tyuiu.GairabekovMR.Sprint1.Task0.V19.Test", "Tyuiu.GairabekovMr.Sprint1.Task0.V19.Test\Tyuiu.GairabekovMR.Sprint1.Task0.V19.Test.csproj", "{306C4B47-D183-4B51-99F8-73F6466585AD}"
EndProject
Project("{9A19103F-16F7-4668-BE54-9A1E7A4F7556}") = "Tyuiu.GairabekovMR.Sprint1.Task0.V19.Lib", "Tyuiu.GairabekovMr.Sprint1.Task0.V19.Lib\Tyuiu.GairabekovMR.Sprint1.Task0.V19.Lib.csproj", "{482941B6-D0E4-4739-AB46-95B6FD61C9A2}"
EndProject
Project("{2150E333-8FDC-42A3-9474-1A3956D46DE8}") = "Task1", "Task1", "{A9F9D826-F1CA-453B-A773-34F58E74EB0B}"
EndProject
Project("{2150E333-8FDC-42A3-9474-1A3956D46DE8}") = "Task2", "Task2", "{E0985675-5F69-4B7E-87B8-89FF8B4A42B5}"
EndProject
Project("{2150E333-8FDC-42A3-9474-1A3956D46DE8}") = "Task3", "Task3", "{4ECE59D0-20DB-40A5-AFF6-F5D8F4D5BDAF}"
EndProject
Project("{2150E333-8FDC-42A3-9474-1A3956D46DE8}") = "Task4", "Task4", "{C893CC29-C0F7-4A6C-9FDA-674501460800}"
EndProject
Project("{2150E333-8FDC-42A3-9474-1A3956D46DE8}") = "Task5", "Task5", "{37693C07-01CD-474F-B6F2-9AC3C779F3D0}"
EndProject
Project("{2150E333-8FDC-42A3-9474-1A3956D46DE8}") = "Task6", "Task6", "{444849A2-E78B-4312-B2C7-8C636C017FEB}"
EndProject
Project("{2150E333-8FDC-42A3-9474-1A3956D46DE8}") = "Task7", "Task7", "{A0CCF233-D37B-470E-8DF1-F53D5AF424BA}"
EndProject
Project("{9A19103F-16F7-4668-BE54-9A1E7A4F7556}") = "Tyuiu.GairabekovMR.Sprint1.Task1.V8", "Tyuiu.GairabekovMR.Sprint1.Task1.V8\Tyuiu.GairabekovMR.Sprint1.Task1.V8.csproj", "{EEE6D70C-F7F9-422D-9033-07DE688094E6}"
EndProject
Project("{9A19103F-16F7-4668-BE54-9A1E7A4F7556}") = "Tyuiu.GairabekovMR.Sprint1.Task1.V8.Lib", "Tyuiu.GairabekovMR.Sprint1.Task1.V8.Lib\Tyuiu.GairabekovMR.Sprint1.Task1.V8.Lib.csproj", "{4598B4EC-30EE-4DA2-8C88-14AF39259111}"
EndProject
Project("{9A19103F-16F7-4668-BE54-9A1E7A4F7556}") = "Tyuiu.GairabekovMR.Sprint1.Task1.V8.Test", "Tyuiu.GairabekovMR.Sprint1.Task1.V8.Test\Tyuiu.GairabekovMR.Sprint1.Task1.V8.Test.csproj", "{E6A485D0-F756-4D9E-8445-DF2105EEA989}"
EndProject
Project("{9A19103F-16F7-4668-BE54-9A1E7A4F7556}") = "Tyuiu.GairabekovMR.Sprint1.Task2.V28", "Tyuiu.GairabekovMR.Sprint1.Task2.V28\Tyuiu.GairabekovMR.Sprint1.Task2.V28.csproj", "{7813CDB3-CD17-4219-8150-9070833985E5}"
EndProject
Project("{9A19103F-16F7-4668-BE54-9A1E7A4F7556}") = "Tyuiu.GairabekovMR.Sprint1.Task2.V28.Lib", "Tyuiu.GairabekovMR.Sprint1.Task2.V28.Lib\Tyuiu.GairabekovMR.Sprint1.Task2.V28.Lib.csproj", "{EC7E6294-7BD6-4796-AE39-D0D8BF77C20D}"
EndProject
Project("{9A19103F-16F7-4668-BE54-9A1E7A4F7556}") = "Tyuiu.GairabekovMR.Sprint1.Task2.V28.Test", "Tyuiu.GairabekovMR.Sprint1.Task2.V28.Test\Tyuiu.GairabekovMR.Sprint1.Task2.V28.Test.csproj", "{7A4092A5-85E4-4868-8F1E-BACDDA6E8DB6}"
EndProject
Project("{9A19103F-16F7-4668-BE54-9A1E7A4F7556}") = "Tyuiu.GairabekovMR.Sprint1.Task3.V19", "Tyuiu.GairabekovMR.Sprint1.Task3.V19\Tyuiu.GairabekovMR.Sprint1.Task3.V19.csproj", "{41C09667-A774-4FCF-A667-1C85681302D4}"
EndProject
Project("{9A19103F-16F7-4668-BE54-9A1E7A4F7556}") = "Tyuiu.GairabekovMR.Sprint1.Task3.V19.Lib", "Tyuiu.GairabekovMR.Sprint1.Task3.V19.Lib\Tyuiu.GairabekovMR.Sprint1.Task3.V19.Lib.csproj", "{78B3235A-9D1A-4902-99E3-77AB7F8A9591}"
EndProject
Project("{9A19103F-16F7-4668-BE54-9A1E7A4F7556}") = "Tyuiu.GairabekovMR.Sprint1.Task3.V19.Test", "Tyuiu.GairabekovMR.Sprint1.Task3.V19.Test\Tyuiu.GairabekovMR.Sprint1.Task3.V19.Test.csproj", "{1E9EE79E-A935-45DA-A469-1230ADCCA708}"
EndProject
Project("{9A19103F-16F7-4668-BE54-9A1E7A4F7556}") = "Tyuiu.GairabekovMR.Sprint1.Task4.V8", "Tyuiu.GairabekovMR.Sprint1.Task4.V8\Tyuiu.GairabekovMR.Sprint1.Task4.V8.csproj", "{11DBF4F5-602B-44FC-BD89-5526CBAF4E9A}"
EndProject
Project("{9A19103F-16F7-4668-BE54-9A1E7A4F7556}") = "Tyuiu.GairabekovMR.Sprint1.Task4.V8.Lib", "Tyuiu.GairabekovMR.Sprint1.Task4.V8.Lib\Tyuiu.GairabekovMR.Sprint1.Task4.V8.Lib.csproj", "{813AD468-C0A8-4A33-86AB-C88ECFEE56E6}"
EndProject
Project("{9A19103F-16F7-4668-BE54-9A1E7A4F7556}") = "Tyuiu.GairabekovMR.Sprint1.Task4.V8.Test", "Tyuiu.GairabekovMR.Sprint1.Task4.V8.Test\Tyuiu.GairabekovMR.Sprint1.Task4.V8.Test.csproj", "{FB42711D-3EBE-45CF-9E17-D13452C9A88D}"
EndProject
Project("{9A19103F-16F7-4668-BE54-9A1E7A4F7556}") = "Tyuiu.GairabekovMR.Sprint1.Task5.V1", "Tyuiu.GairabekovMR.Sprint1.Task5.V1\Tyuiu.GairabekovMR.Sprint1.Task5.V1.csproj", "{9924CCBC-5C4D-4A53-BEA1-A6B1FDE65089}"
EndProject
Project("{9A19103F-16F7-4668-BE54-9A1E7A4F7556}") = "Tyuiu.GairabekovMR.Sprint1.Task5.V1.Lib", "Tyuiu.GairabekovMR.Sprint1.Task5.V1.Lib\Tyuiu.GairabekovMR.Sprint1.Task5.V1.Lib.csproj", "{1D0FB3B3-E22E-433E-BF4E-750441723C26}"
EndProject
Project("{9A19103F-16F7-4668-BE54-9A1E7A4F7556}") = "Tyuiu.GairabekovMR.Sprint1.Task5.V1.Test", "Tyuiu.GairabekovMR.Sprint1.Task5.V1.Test\Tyuiu.GairabekovMR.Sprint1.Task5.V1.Test.csproj", "{72E437C2-5035-40DC-A194-2FA7CCCEDB0E}"
EndProject
Project("{9A19103F-16F7-4668-BE54-9A1E7A4F7556}") = "Tyuiu.GairabekovMR.Sprint1.Task6.V6", "Tyuiu.GairabekovMR.Sprint1.Task6.V6\Tyuiu.GairabekovMR.Sprint1.Task6.V6.csproj", "{D81B5126-6B15-4DEE-9C2E-6FB7F1BF4E57}"
EndProject
Project("{9A19103F-16F7-4668-BE54-9A1E7A4F7556}") = "Tyuiu.GairabekovMR.Sprint1.Task6.V6.Lib", "Tyuiu.GairabekovMR.Sprint1.Task6.V6.Lib\Tyuiu.GairabekovMR.Sprint1.Task6.V6.Lib.csproj", "{85F80A0D-EA08-49D0-9B01-71A70CC13510}"
EndProject
Project("{9A19103F-16F7-4668-BE54-9A1E7A4F7556}") = "Tyuiu.GairabekovMR.Sprint1.Task6.V6.Test", "Tyuiu.GairabekovMR.Sprint1.Task6.V6.Test\Tyuiu.GairabekovMR.Sprint1.Task6.V6.Test.csproj", "{2F740002-98F3-4B51-A15B-A7EE91448879}"
EndProject
Project("{9A19103F-16F7-4668-BE54-9A1E7A4F7556}") = "Tyuiu.GairabekovMR.Sprint1.Task7.V5", "Tyuiu.GairabekovMR.Sprint1.Task7.V5\Tyuiu.GairabekovMR.Sprint1.Task7.V5.csproj", "{2539721A-E08E-4081-825A-17B8F6536C8C}"
EndProject
Project("{9A19103F-16F7-4668-BE54-9A1E7A4F7556}") = "Tyuiu.GairabekovMR.Sprint1.Task7.V5.Lib", "Tyuiu.GairabekovMR.Sprint1.Task7.V5.Lib\Tyuiu.GairabekovMR.Sprint1.Task7.V5.Lib.csproj", "{8563FF51-392F-4AA8-85B7-30304C727A04}"
EndProject
Project("{9A19103F-16F7-4668-BE54-9A1E7A4F7556}") = "Tyuiu.GairabekovMR.Sprint1.Task7.V5.Test", "Tyuiu.GairabekovMR.Sprint1.Task7.V5.Test\Tyuiu.GairabekovMR.Sprint1.Task7.V5.Test.csproj", "{210A1ACE-AC4A-485F-A543-D45C969A5B80}"
EndProject
Global
	GlobalSection(SolutionConfigurationPlatforms) = preSolution
		Debug|Any CPU = Debug|Any CPU
		Release|Any CPU = Release|Any CPU
	EndGlobalSection
	GlobalSection(ProjectConfigurationPlatforms) = postSolution
		{D2C63F0F-AA32-46E0-BBC4-A4CB7DC9C38B}.Debug|Any CPU.ActiveCfg = Debug|Any CPU
		{D2C63F0F-AA32-46E0-BBC4-A4CB7DC9C38B}.Debug|Any CPU.Build.0 = Debug|Any CPU
		{D2C63F0F-AA32-46E0-BBC4-A4CB7DC9C38B}.Release|Any CPU.ActiveCfg = Release|Any CPU
		{D2C63F0F-AA32-46E0-BBC4-A4CB7DC9C38B}.Release|Any CPU.Build.0 = Release|Any CPU
		{306C4B47-D183-4B51-99F8-73F6466585AD}.Debug|Any CPU.ActiveCfg = Debug|Any CPU
		{306C4B47-D183-4B51-99F8-73F6466585AD}.Debug|Any CPU.Build.0 = Debug|Any CPU
		{306C4B47-D183-4B51-99F8-73F6466585AD}.Release|Any CPU.ActiveCfg = Release|Any CPU
		{306C4B47-D183-4B51-99F8-73F6466585AD}.Release|Any CPU.Build.0 = Release|Any CPU
		{482941B6-D0E4-4739-AB46-95B6FD61C9A2}.Debug|Any CPU.ActiveCfg = Debug|Any CPU
		{482941B6-D0E4-4739-AB46-95B6FD61C9A2}.Debug|Any CPU.Build.0 = Debug|Any CPU
		{482941B6-D0E4-4739-AB46-95B6FD61C9A2}.Release|Any CPU.ActiveCfg = Release|Any CPU
		{482941B6-D0E4-4739-AB46-95B6FD61C9A2}.Release|Any CPU.Build.0 = Release|Any CPU
		{EEE6D70C-F7F9-422D-9033-07DE688094E6}.Debug|Any CPU.ActiveCfg = Debug|Any CPU
		{EEE6D70C-F7F9-422D-9033-07DE688094E6}.Debug|Any CPU.Build.0 = Debug|Any CPU
		{EEE6D70C-F7F9-422D-9033-07DE688094E6}.Release|Any CPU.ActiveCfg = Release|Any CPU
		{EEE6D70C-F7F9-422D-9033-07DE688094E6}.Release|Any CPU.Build.0 = Release|Any CPU
		{4598B4EC-30EE-4DA2-8C88-14AF39259111}.Debug|Any CPU.ActiveCfg = Debug|Any CPU
		{4598B4EC-30EE-4DA2-8C88-14AF39259111}.Debug|Any CPU.Build.0 = Debug|Any CPU
		{4598B4EC-30EE-4DA2-8C88-14AF39259111}.Release|Any CPU.ActiveCfg = Release|Any CPU
		{4598B4EC-30EE-4DA2-8C88-14AF39259111}.Release|Any CPU.Build.0 = Release|Any CPU
		{E6A485D0-F756-4D9E-8445-DF2105EEA989}.Debug|Any CPU.ActiveCfg = Debug|Any CPU
		{E6A485D0-F756-4D9E-8445-DF2105EEA989}.Debug|Any CPU.Build.0 = Debug|Any CPU
		{E6A485D0-F756-4D9E-8445-DF2105EEA989}.Release|Any CPU.ActiveCfg = Release|Any CPU
		{E6A485D0-F756-4D9E-8445-DF2105EEA989}.Release|Any CPU.Build.0 = Release|Any CPU
		{7813CDB3-CD17-4219-8150-9070833985E5}.Debug|Any CPU.ActiveCfg = Debug|Any CPU
		{7813CDB3-CD17-4219-8150-9070833985E5}.Debug|Any CPU.Build.0 = Debug|Any CPU
		{7813CDB3-CD17-4219-8150-9070833985E5}.Release|Any CPU.ActiveCfg = Release|Any CPU
		{7813CDB3-CD17-4219-8150-9070833985E5}.Release|Any CPU.Build.0 = Release|Any CPU
		{EC7E6294-7BD6-4796-AE39-D0D8BF77C20D}.Debug|Any CPU.ActiveCfg = Debug|Any CPU
		{EC7E6294-7BD6-4796-AE39-D0D8BF77C20D}.Debug|Any CPU.Build.0 = Debug|Any CPU
		{EC7E6294-7BD6-4796-AE39-D0D8BF77C20D}.Release|Any CPU.ActiveCfg = Release|Any CPU
		{EC7E6294-7BD6-4796-AE39-D0D8BF77C20D}.Release|Any CPU.Build.0 = Release|Any CPU
		{7A4092A5-85E4-4868-8F1E-BACDDA6E8DB6}.Debug|Any CPU.ActiveCfg = Debug|Any CPU
		{7A4092A5-85E4-4868-8F1E-BACDDA6E8DB6}.Debug|Any CPU.Build.0 = Debug|Any CPU
		{7A4092A5-85E4-4868-8F1E-BACDDA6E8DB6}.Release|Any CPU.ActiveCfg = Release|Any CPU
		{7A4092A5-85E4-4868-8F1E-BACDDA6E8DB6}.Release|Any CPU.Build.0 = Release|Any CPU
		{41C09667-A774-4FCF-A667-1C85681302D4}.Debug|Any CPU.ActiveCfg = Debug|Any CPU
		{41C09667-A774-4FCF-A667-1C85681302D4}.Debug|Any CPU.Build.0 = Debug|Any CPU
		{41C09667-A774-4FCF-A667-1C85681302D4}.Release|Any CPU.ActiveCfg = Release|Any CPU
		{41C09667-A774-4FCF-A667-1C85681302D4}.Release|Any CPU.Build.0 = Release|Any CPU
		{78B3235A-9D1A-4902-99E3-77AB7F8A9591}.Debug|Any CPU.ActiveCfg = Debug|Any CPU
		{78B3235A-9D1A-4902-99E3-77AB7F8A9591}.Debug|Any CPU.Build.0 = Debug|Any CPU
		{78B3235A-9D1A-4902-99E3-77AB7F8A9591}.Release|Any CPU.ActiveCfg = Release|Any CPU
		{78B3235A-9D1A-4902-99E3-77AB7F8A9591}.Release|Any CPU.Build.0 = Release|Any CPU
		{1E9EE79E-A935-45DA-A469-1230ADCCA708}.Debug|Any CPU.ActiveCfg = Debug|Any CPU
		{1E9EE79E-A935-45DA-A469-1230ADCCA708}.Debug|Any CPU.Build.0 = Debug|Any CPU
		{1E9EE79E-A935-45DA-A469-1230ADCCA708}.Release|Any CPU.ActiveCfg = Release|Any CPU
		{1E9EE79E-A935-45DA-A469-1230ADCCA708}.Release|Any CPU.Build.0 = Release|Any CPU
		{11DBF4F5-602B-44FC-BD89-5526CBAF4E9A}.Debug|Any CPU.ActiveCfg = Debug|Any CPU
		{11DBF4F5-602B-44FC-BD89-5526CBAF4E9A}.Debug|Any CPU.Build.0 = Debug|Any CPU
		{11DBF4F5-602B-44FC-BD89-5526CBAF4E9A}.Release|Any CPU.ActiveCfg = Release|Any CPU
		{11DBF4F5-602B-44FC-BD89-5526CBAF4E9A}.Release|Any CPU.Build.0 = Release|Any CPU
		{813AD468-C0A8-4A33-86AB-C88ECFEE56E6}.Debug|Any CPU.ActiveCfg = Debug|Any CPU
		{813AD468-C0A8-4A33-86AB-C88ECFEE56E6}.Debug|Any CPU.Build.0 = Debug|Any CPU
		{813AD468-C0A8-4A33-86AB-C88ECFEE56E6}.Release|Any CPU.ActiveCfg = Release|Any CPU
		{813AD468-C0A8-4A33-86AB-C88ECFEE56E6}.Release|Any CPU.Build.0 = Release|Any CPU
		{FB42711D-3EBE-45CF-9E17-D13452C9A88D}.Debug|Any CPU.ActiveCfg = Debug|Any CPU
		{FB42711D-3EBE-45CF-9E17-D13452C9A88D}.Debug|Any CPU.Build.0 = Debug|Any CPU
		{FB42711D-3EBE-45CF-9E17-D13452C9A88D}.Release|Any CPU.ActiveCfg = Release|Any CPU
		{FB42711D-3EBE-45CF-9E17-D13452C9A88D}.Release|Any CPU.Build.0 = Release|Any CPU
		{9924CCBC-5C4D-4A53-BEA1-A6B1FDE65089}.Debug|Any CPU.ActiveCfg = Debug|Any CPU
		{9924CCBC-5C4D-4A53-BEA1-A6B1FDE65089}.Debug|Any CPU.Build.0 = Debug|Any CPU
		{9924CCBC-5C4D-4A53-BEA1-A6B1FDE65089}.Release|Any CPU.ActiveCfg = Release|Any CPU
		{9924CCBC-5C4D-4A53-BEA1-A6B1FDE65089}.Release|Any CPU.Build.0 = Release|Any CPU
		{1D0FB3B3-E22E-433E-BF4E-750441723C26}.Debug|Any CPU.ActiveCfg = Debug|Any CPU
		{1D0FB3B3-E22E-433E-BF4E-750441723C26}.Debug|Any CPU.Build.0 = Debug|Any CPU
		{1D0FB3B3-E22E-433E-BF4E-750441723C26}.Release|Any CPU.ActiveCfg = Release|Any CPU
		{1D0FB3B3-E22E-433E-BF4E-750441723C26}.Release|Any CPU.Build.0 = Release|Any CPU
		{72E437C2-5035-40DC-A194-2FA7CCCEDB0E}.Debug|Any CPU.ActiveCfg = Debug|Any CPU
		{72E437C2-5035-40DC-A194-2FA7CCCEDB0E}.Debug|Any CPU.Build.0 = Debug|Any CPU
		{72E437C2-5035-40DC-A194-2FA7CCCEDB0E}.Release|Any CPU.ActiveCfg = Release|Any CPU
		{72E437C2-5035-40DC-A194-2FA7CCCEDB0E}.Release|Any CPU.Build.0 = Release|Any CPU
		{D81B5126-6B15-4DEE-9C2E-6FB7F1BF4E57}.Debug|Any CPU.ActiveCfg = Debug|Any CPU
		{D81B5126-6B15-4DEE-9C2E-6FB7F1BF4E57}.Debug|Any CPU.Build.0 = Debug|Any CPU
		{D81B5126-6B15-4DEE-9C2E-6FB7F1BF4E57}.Release|Any CPU.ActiveCfg = Release|Any CPU
		{D81B5126-6B15-4DEE-9C2E-6FB7F1BF4E57}.Release|Any CPU.Build.0 = Release|Any CPU
		{85F80A0D-EA08-49D0-9B01-71A70CC13510}.Debug|Any CPU.ActiveCfg = Debug|Any CPU
		{85F80A0D-EA08-49D0-9B01-71A70CC13510}.Debug|Any CPU.Build.0 = Debug|Any CPU
		{85F80A0D-EA08-49D0-9B01-71A70CC13510}.Release|Any CPU.ActiveCfg = Release|Any CPU
		{85F80A0D-EA08-49D0-9B01-71A70CC13510}.Release|Any CPU.Build.0 = Release|Any CPU
		{2F740002-98F3-4B51-A15B-A7EE91448879}.Debug|Any CPU.ActiveCfg = Debug|Any CPU
		{2F740002-98F3-4B51-A15B-A7EE91448879}.Debug|Any CPU.Build.0 = Debug|Any CPU
		{2F740002-98F3-4B51-A15B-A7EE91448879}.Release|Any CPU.ActiveCfg = Release|Any CPU
		{2F740002-98F3-4B51-A15B-A7EE91448879}.Release|Any CPU.Build.0 = Release|Any CPU
		{2539721A-E08E-4081-825A-17B8F6536C8C}.Debug|Any CPU.ActiveCfg = Debug|Any CPU
		{2539721A-E08E-4081-825A-17B8F6536C8C}.Debug|Any CPU.Build.0 = Debug|Any CPU
		{2539721A-E08E-4081-825A-17B8F6536C8C}.Release|Any CPU.ActiveCfg = Release|Any CPU
		{2539721A-E08E-4081-825A-17B8F6536C8C}.Release|Any CPU.Build.0 = Release|Any CPU
		{8563FF51-392F-4AA8-85B7-30304C727A04}.Debug|Any CPU.ActiveCfg = Debug|Any CPU
		{8563FF51-392F-4AA8-85B7-30304C727A04}.Debug|Any CPU.Build.0 = Debug|Any CPU
		{8563FF51-392F-4AA8-85B7-30304C727A04}.Release|Any CPU.ActiveCfg = Release|Any CPU
		{8563FF51-392F-4AA8-85B7-30304C727A04}.Release|Any CPU.Build.0 = Release|Any CPU
		{210A1ACE-AC4A-485F-A543-D45C969A5B80}.Debug|Any CPU.ActiveCfg = Debug|Any CPU
		{210A1ACE-AC4A-485F-A543-D45C969A5B80}.Debug|Any CPU.Build.0 = Debug|Any CPU
		{210A1ACE-AC4A-485F-A543-D45C969A5B80}.Release|Any CPU.ActiveCfg = Release|Any CPU
		{210A1ACE-AC4A-485F-A543-D45C969A5B80}.Release|Any CPU.Build.0 = Release|Any CPU
	EndGlobalSection
	GlobalSection(SolutionProperties) = preSolution
		HideSolutionNode = FALSE
	EndGlobalSection
	GlobalSection(NestedProjects) = preSolution
		{D2C63F0F-AA32-46E0-BBC4-A4CB7DC9C38B} = {3D382CFE-59FD-4C57-9932-265890633A2B}
		{306C4B47-D183-4B51-99F8-73F6466585AD} = {3D382CFE-59FD-4C57-9932-265890633A2B}
		{482941B6-D0E4-4739-AB46-95B6FD61C9A2} = {3D382CFE-59FD-4C57-9932-265890633A2B}
		{EEE6D70C-F7F9-422D-9033-07DE688094E6} = {A9F9D826-F1CA-453B-A773-34F58E74EB0B}
		{4598B4EC-30EE-4DA2-8C88-14AF39259111} = {A9F9D826-F1CA-453B-A773-34F58E74EB0B}
		{E6A485D0-F756-4D9E-8445-DF2105EEA989} = {A9F9D826-F1CA-453B-A773-34F58E74EB0B}
		{7813CDB3-CD17-4219-8150-9070833985E5} = {E0985675-5F69-4B7E-87B8-89FF8B4A42B5}
		{EC7E6294-7BD6-4796-AE39-D0D8BF77C20D} = {E0985675-5F69-4B7E-87B8-89FF8B4A42B5}
		{7A4092A5-85E4-4868-8F1E-BACDDA6E8DB6} = {E0985675-5F69-4B7E-87B8-89FF8B4A42B5}
		{41C09667-A774-4FCF-A667-1C85681302D4} = {4ECE59D0-20DB-40A5-AFF6-F5D8F4D5BDAF}
		{78B3235A-9D1A-4902-99E3-77AB7F8A9591} = {4ECE59D0-20DB-40A5-AFF6-F5D8F4D5BDAF}
		{1E9EE79E-A935-45DA-A469-1230ADCCA708} = {4ECE59D0-20DB-40A5-AFF6-F5D8F4D5BDAF}
		{11DBF4F5-602B-44FC-BD89-5526CBAF4E9A} = {C893CC29-C0F7-4A6C-9FDA-674501460800}
		{813AD468-C0A8-4A33-86AB-C88ECFEE56E6} = {C893CC29-C0F7-4A6C-9FDA-674501460800}
		{FB42711D-3EBE-45CF-9E17-D13452C9A88D} = {C893CC29-C0F7-4A6C-9FDA-674501460800}
		{9924CCBC-5C4D-4A53-BEA1-A6B1FDE65089} = {37693C07-01CD-474F-B6F2-9AC3C779F3D0}
		{1D0FB3B3-E22E-433E-BF4E-750441723C26} = {37693C07-01CD-474F-B6F2-9AC3C779F3D0}
		{72E437C2-5035-40DC-A194-2FA7CCCEDB0E} = {37693C07-01CD-474F-B6F2-9AC3C779F3D0}
		{D81B5126-6B15-4DEE-9C2E-6FB7F1BF4E57} = {444849A2-E78B-4312-B2C7-8C636C017FEB}
		{85F80A0D-EA08-49D0-9B01-71A70CC13510} = {444849A2-E78B-4312-B2C7-8C636C017FEB}
		{2F740002-98F3-4B51-A15B-A7EE91448879} = {444849A2-E78B-4312-B2C7-8C636C017FEB}
		{2539721A-E08E-4081-825A-17B8F6536C8C} = {A0CCF233-D37B-470E-8DF1-F53D5AF424BA}
		{8563FF51-392F-4AA8-85B7-30304C727A04} = {A0CCF233-D37B-470E-8DF1-F53D5AF424BA}
		{210A1ACE-AC4A-485F-A543-D45C969A5B80} = {A0CCF233-D37B-470E-8DF1-F53D5AF424BA}
	EndGlobalSection
	GlobalSection(ExtensibilityGlobals) = postSolution
		SolutionGuid = {2132FF22-76EC-482E-B10F-215B81CE29B7}
	EndGlobalSection
EndGlobal
