
Microsoft Visual Studio Solution File, Format Version 12.00
# Visual Studio Version 17
VisualStudioVersion = 17.11.35303.130
MinimumVisualStudioVersion = 10.0.40219.1
Project("{2150E333-8FDC-42A3-9474-1A3956D46DE8}") = "Task0", "Task0", "{3D382CFE-59FD-4C57-9932-265890633A2B}"
EndProject
Project("{9A19103F-16F7-4668-BE54-9A1E7A4F7556}") = "Tyuiu.GairabekovMR.Sprint1.Task0.V19", "Tyuiu.GairabekovMr.Sprint1.Task0.V19\Tyuiu.GairabekovMR.Sprint1.Task0.V19.csproj", "{D2C63F0F-AA32-46E0-BBC4-A4CB7DC9C38B}"
EndProject
Project("{9A19103F-16F7-4668-BE54-9A1E7A4F7556}") = "Tyuiu.GairabekovMR.Sprint1.Task0.V19.Test", "Tyuiu.GairabekovMr.Sprint1.Task0.V19.Test\Tyuiu.GairabekovMR.Sprint1.Task0.V19.Test.csproj", "{306C4B47-D183-4B51-99F8-73F6466585AD}"
EndProject
Project("{9A19103F-16F7-4668-BE54-9A1E7A4F7556}") = "Tyuiu.GairabekovMR.Sprint1.Task0.V19.Lib", "Tyuiu.GairabekovMr.Sprint1.Task0.V19.Lib\Tyuiu.GairabekovMR.Sprint1.Task0.V19.Lib.csproj", "{482941B6-D0E4-4739-AB46-95B6FD61C9A2}"
EndProject
Project("{2150E333-8FDC-42A3-9474-1A3956D46DE8}") = "Task1", "Task1", "{A9F9D826-F1CA-453B-A773-34F58E74EB0B}"
EndProject
Project("{9A19103F-16F7-4668-BE54-9A1E7A4F7556}") = "Tyuiu.GairabekovMr.Sprint1.Task1.V24", "Tyuiu.GairabekovMr.Sprint1.Task1.V24\Tyuiu.GairabekovMr.Sprint1.Task1.V24.csproj", "{F7FAF991-301C-403E-9B7F-6A58F4088CF3}"
EndProject
Project("{9A19103F-16F7-4668-BE54-9A1E7A4F7556}") = "Tyuiu.GairabekovMr.Sprint1.Task1.V24.Lib", "Tyuiu.GairabekovMr.Sprint1.Task1.V24.Lib\Tyuiu.GairabekovMr.Sprint1.Task1.V24.Lib.csproj", "{84D380F7-CD81-42A8-BA8B-5982678F5FDD}"
EndProject
Project("{9A19103F-16F7-4668-BE54-9A1E7A4F7556}") = "Tyuiu.GairabekovMr.Sprint1.Task1.V24.Test", "Tyuiu.GairabekovMr.Sprint1.Task1.V24.Test\Tyuiu.GairabekovMr.Sprint1.Task1.V24.Test.csproj", "{1C373D79-1800-4417-861C-D63AE7439810}"
EndProject
Project("{2150E333-8FDC-42A3-9474-1A3956D46DE8}") = "Task2", "Task2", "{E0985675-5F69-4B7E-87B8-89FF8B4A42B5}"
EndProject
Project("{9A19103F-16F7-4668-BE54-9A1E7A4F7556}") = "Tyuiu.GairabekovMr.Sprint1.Task2.V20.Test", "Tyuiu.GairabekovMr.Sprint1.Task2.V20.Test\Tyuiu.GairabekovMr.Sprint1.Task2.V20.Test.csproj", "{EDDE5B80-9EDD-4EAA-ABBA-4B2F32C0D2F2}"
EndProject
Project("{9A19103F-16F7-4668-BE54-9A1E7A4F7556}") = "Tyuiu.GairabekovMr.Sprint1.Task2.V20.Lib", "Tyuiu.GairabekovMr.Sprint1.Task2.V20.Lib\Tyuiu.GairabekovMr.Sprint1.Task2.V20.Lib.csproj", "{DA3B549F-3559-427E-99CD-DC9995025F95}"
EndProject
Project("{9A19103F-16F7-4668-BE54-9A1E7A4F7556}") = "Tyuiu.GairabekovMr.Sprint1.Task2.V20", "Tyuiu.GairabekovMr.Sprint1.Task2.V20\Tyuiu.GairabekovMr.Sprint1.Task2.V20.csproj", "{6896E8B3-30F5-4C24-A06D-DD03EF7AF029}"
EndProject
Project("{2150E333-8FDC-42A3-9474-1A3956D46DE8}") = "Task3", "Task3", "{4ECE59D0-20DB-40A5-AFF6-F5D8F4D5BDAF}"
EndProject
Project("{9A19103F-16F7-4668-BE54-9A1E7A4F7556}") = "Tyuiu.GairabekovMr.Sprint1.Task3.V16.Test", "Tyuiu.GairabekovMr.Sprint1.Task3.V16.Test\Tyuiu.GairabekovMr.Sprint1.Task3.V16.Test.csproj", "{97F4A845-5930-430F-B4FC-D7280CE4CB14}"
EndProject
Project("{9A19103F-16F7-4668-BE54-9A1E7A4F7556}") = "Tyuiu.GairabekovMr.Sprint1.Task3.V16", "Tyuiu.GairabekovMr.Sprint1.Task3.V16\Tyuiu.GairabekovMr.Sprint1.Task3.V16.csproj", "{E1AEFD4F-BABA-4BF3-867A-33442571C443}"
EndProject
Project("{9A19103F-16F7-4668-BE54-9A1E7A4F7556}") = "Tyuiu.GairabekovMr.Sprint1.Task3.V16.Lib", "Tyuiu.GairabekovMr.Sprint1.Task3.V16.Lib\Tyuiu.GairabekovMr.Sprint1.Task3.V16.Lib.csproj", "{84D927DB-A1BC-4771-B837-86D719C5272E}"
EndProject
Project("{2150E333-8FDC-42A3-9474-1A3956D46DE8}") = "Task4", "Task4", "{C893CC29-C0F7-4A6C-9FDA-674501460800}"
EndProject
Project("{9A19103F-16F7-4668-BE54-9A1E7A4F7556}") = "Tyuiu.GairabekovMr.Sprint1.Task4.V9", "Tyuiu.GairabekovMr.Sprint1.Task4.V9\Tyuiu.GairabekovMr.Sprint1.Task4.V9.csproj", "{F1D5B202-EFED-441F-ABF2-8418C55D8E43}"
EndProject
Project("{9A19103F-16F7-4668-BE54-9A1E7A4F7556}") = "Tyuiu.GairabekovMr.Sprint1.Task4.V9.Lib", "Tyuiu.GairabekovMr.Sprint1.Task4.V9.Lib\Tyuiu.GairabekovMr.Sprint1.Task4.V9.Lib.csproj", "{9788D750-EFE6-42D0-B110-B2C60A755BC3}"
EndProject
Project("{9A19103F-16F7-4668-BE54-9A1E7A4F7556}") = "Tyuiu.GairabekovMr.Sprint1.Task4.V9.Test", "Tyuiu.GairabekovMr.Sprint1.Task4.V9.Test\Tyuiu.GairabekovMr.Sprint1.Task4.V9.Test.csproj", "{619A4139-1FCB-4B75-B9BF-90758C8B725B}"
EndProject
Project("{2150E333-8FDC-42A3-9474-1A3956D46DE8}") = "Task5", "Task5", "{37693C07-01CD-474F-B6F2-9AC3C779F3D0}"
EndProject
Project("{9A19103F-16F7-4668-BE54-9A1E7A4F7556}") = "Tyuiu.GairabekovMr.Sprint1.Task5.V1", "Tyuiu.GairabekovMr.Sprint1.Task5.V1\Tyuiu.GairabekovMr.Sprint1.Task5.V1.csproj", "{EB2C5298-73E9-4460-B50E-BDB05FFD9DCB}"
EndProject
Project("{9A19103F-16F7-4668-BE54-9A1E7A4F7556}") = "Tyuiu.GairabekovMr.Sprint1.Task5.V1.Test", "Tyuiu.GairabekovMr.Sprint1.Task5.V1.Test\Tyuiu.GairabekovMr.Sprint1.Task5.V1.Test.csproj", "{1C2279F6-ED5D-4E53-82B3-EBC2A513DFB2}"
EndProject
Project("{9A19103F-16F7-4668-BE54-9A1E7A4F7556}") = "Tyuiu.GairabekovMr.Sprint1.Task5.V1.Lib", "Tyuiu.GairabekovMr.Sprint1.Task5.V1.Lib\Tyuiu.GairabekovMr.Sprint1.Task5.V1.Lib.csproj", "{3A279C62-6AFA-4972-B118-5C946C6FA1E7}"
EndProject
Project("{2150E333-8FDC-42A3-9474-1A3956D46DE8}") = "Task6", "Task6", "{444849A2-E78B-4312-B2C7-8C636C017FEB}"
EndProject
Project("{9A19103F-16F7-4668-BE54-9A1E7A4F7556}") = "Tyuiu.GairabekovMr.Sprint1.Task6.V6", "Tyuiu.GairabekovMr.Sprint1.Task6.V6\Tyuiu.GairabekovMr.Sprint1.Task6.V6.csproj", "{40916B31-6192-466E-A3D7-E1AAFC1B66F6}"
EndProject
Project("{9A19103F-16F7-4668-BE54-9A1E7A4F7556}") = "Tyuiu.GairabekovMr.Sprint1.Task6.V6.Lib", "Tyuiu.GairabekovMr.Sprint1.Task6.V6.Lib\Tyuiu.GairabekovMr.Sprint1.Task6.V6.Lib.csproj", "{26F7562C-3D37-409E-A999-D3A7F062037B}"
EndProject
Project("{9A19103F-16F7-4668-BE54-9A1E7A4F7556}") = "Tyuiu.GairabekovMr.Sprint1.Task6.V6.Test", "Tyuiu.GairabekovMr.Sprint1.Task6.V6.Test\Tyuiu.GairabekovMr.Sprint1.Task6.V6.Test.csproj", "{D012308A-07DB-488A-ABAC-54735E946C31}"
EndProject
Project("{2150E333-8FDC-42A3-9474-1A3956D46DE8}") = "Task7", "Task7", "{A0CCF233-D37B-470E-8DF1-F53D5AF424BA}"
EndProject
Project("{FAE04EC0-301F-11D3-BF4B-00C04F79EFBC}") = "Tyuiu.GairabekovMr.Sprint1.Task7.V18", "Tyuiu.GairabekovMr.Sprint1.Task7.V18\Tyuiu.GairabekovMr.Sprint1.Task7.V18.csproj", "{40BCF965-B235-4151-915D-7071982A26EA}"
EndProject
Project("{FAE04EC0-301F-11D3-BF4B-00C04F79EFBC}") = "Tyuiu.GairabekovMr.Sprint1.Task7.V18.Lib", "Tyuiu.GairabekovMr.Sprint1.Task7.V18.Lib\Tyuiu.GairabekovMr.Sprint1.Task7.V18.Lib.csproj", "{A2E098C5-C7AC-42E1-B31A-E222C252FD8C}"
EndProject
Project("{FAE04EC0-301F-11D3-BF4B-00C04F79EFBC}") = "Tyuiu.GairabekovMr.Sprint1.Task7.V18.Test", "Tyuiu.GairabekovMr.Sprint1.Task7.V18.Test\Tyuiu.GairabekovMr.Sprint1.Task7.V18.Test.csproj", "{377204F4-6C9F-40BE-8176-5238CC15E370}"
EndProject
Global
	GlobalSection(SolutionConfigurationPlatforms) = preSolution
		Debug|Any CPU = Debug|Any CPU
		Release|Any CPU = Release|Any CPU
	EndGlobalSection
	GlobalSection(ProjectConfigurationPlatforms) = postSolution
		{D2C63F0F-AA32-46E0-BBC4-A4CB7DC9C38B}.Debug|Any CPU.ActiveCfg = Debug|Any CPU
		{D2C63F0F-AA32-46E0-BBC4-A4CB7DC9C38B}.Debug|Any CPU.Build.0 = Debug|Any CPU
		{D2C63F0F-AA32-46E0-BBC4-A4CB7DC9C38B}.Release|Any CPU.ActiveCfg = Release|Any CPU
		{D2C63F0F-AA32-46E0-BBC4-A4CB7DC9C38B}.Release|Any CPU.Build.0 = Release|Any CPU
		{306C4B47-D183-4B51-99F8-73F6466585AD}.Debug|Any CPU.ActiveCfg = Debug|Any CPU
		{306C4B47-D183-4B51-99F8-73F6466585AD}.Debug|Any CPU.Build.0 = Debug|Any CPU
		{306C4B47-D183-4B51-99F8-73F6466585AD}.Release|Any CPU.ActiveCfg = Release|Any CPU
		{306C4B47-D183-4B51-99F8-73F6466585AD}.Release|Any CPU.Build.0 = Release|Any CPU
		{482941B6-D0E4-4739-AB46-95B6FD61C9A2}.Debug|Any CPU.ActiveCfg = Debug|Any CPU
		{482941B6-D0E4-4739-AB46-95B6FD61C9A2}.Debug|Any CPU.Build.0 = Debug|Any CPU
		{482941B6-D0E4-4739-AB46-95B6FD61C9A2}.Release|Any CPU.ActiveCfg = Release|Any CPU
		{482941B6-D0E4-4739-AB46-95B6FD61C9A2}.Release|Any CPU.Build.0 = Release|Any CPU
		{F7FAF991-301C-403E-9B7F-6A58F4088CF3}.Debug|Any CPU.ActiveCfg = Debug|Any CPU
		{F7FAF991-301C-403E-9B7F-6A58F4088CF3}.Debug|Any CPU.Build.0 = Debug|Any CPU
		{F7FAF991-301C-403E-9B7F-6A58F4088CF3}.Release|Any CPU.ActiveCfg = Release|Any CPU
		{F7FAF991-301C-403E-9B7F-6A58F4088CF3}.Release|Any CPU.Build.0 = Release|Any CPU
		{84D380F7-CD81-42A8-BA8B-5982678F5FDD}.Debug|Any CPU.ActiveCfg = Debug|Any CPU
		{84D380F7-CD81-42A8-BA8B-5982678F5FDD}.Debug|Any CPU.Build.0 = Debug|Any CPU
		{84D380F7-CD81-42A8-BA8B-5982678F5FDD}.Release|Any CPU.ActiveCfg = Release|Any CPU
		{84D380F7-CD81-42A8-BA8B-5982678F5FDD}.Release|Any CPU.Build.0 = Release|Any CPU
		{1C373D79-1800-4417-861C-D63AE7439810}.Debug|Any CPU.ActiveCfg = Debug|Any CPU
		{1C373D79-1800-4417-861C-D63AE7439810}.Debug|Any CPU.Build.0 = Debug|Any CPU
		{1C373D79-1800-4417-861C-D63AE7439810}.Release|Any CPU.ActiveCfg = Release|Any CPU
		{1C373D79-1800-4417-861C-D63AE7439810}.Release|Any CPU.Build.0 = Release|Any CPU
		{EDDE5B80-9EDD-4EAA-ABBA-4B2F32C0D2F2}.Debug|Any CPU.ActiveCfg = Debug|Any CPU
		{EDDE5B80-9EDD-4EAA-ABBA-4B2F32C0D2F2}.Debug|Any CPU.Build.0 = Debug|Any CPU
		{EDDE5B80-9EDD-4EAA-ABBA-4B2F32C0D2F2}.Release|Any CPU.ActiveCfg = Release|Any CPU
		{EDDE5B80-9EDD-4EAA-ABBA-4B2F32C0D2F2}.Release|Any CPU.Build.0 = Release|Any CPU
		{DA3B549F-3559-427E-99CD-DC9995025F95}.Debug|Any CPU.ActiveCfg = Debug|Any CPU
		{DA3B549F-3559-427E-99CD-DC9995025F95}.Debug|Any CPU.Build.0 = Debug|Any CPU
		{DA3B549F-3559-427E-99CD-DC9995025F95}.Release|Any CPU.ActiveCfg = Release|Any CPU
		{DA3B549F-3559-427E-99CD-DC9995025F95}.Release|Any CPU.Build.0 = Release|Any CPU
		{6896E8B3-30F5-4C24-A06D-DD03EF7AF029}.Debug|Any CPU.ActiveCfg = Debug|Any CPU
		{6896E8B3-30F5-4C24-A06D-DD03EF7AF029}.Debug|Any CPU.Build.0 = Debug|Any CPU
		{6896E8B3-30F5-4C24-A06D-DD03EF7AF029}.Release|Any CPU.ActiveCfg = Release|Any CPU
		{6896E8B3-30F5-4C24-A06D-DD03EF7AF029}.Release|Any CPU.Build.0 = Release|Any CPU
		{97F4A845-5930-430F-B4FC-D7280CE4CB14}.Debug|Any CPU.ActiveCfg = Debug|Any CPU
		{97F4A845-5930-430F-B4FC-D7280CE4CB14}.Debug|Any CPU.Build.0 = Debug|Any CPU
		{97F4A845-5930-430F-B4FC-D7280CE4CB14}.Release|Any CPU.ActiveCfg = Release|Any CPU
		{97F4A845-5930-430F-B4FC-D7280CE4CB14}.Release|Any CPU.Build.0 = Release|Any CPU
		{E1AEFD4F-BABA-4BF3-867A-33442571C443}.Debug|Any CPU.ActiveCfg = Debug|Any CPU
		{E1AEFD4F-BABA-4BF3-867A-33442571C443}.Debug|Any CPU.Build.0 = Debug|Any CPU
		{E1AEFD4F-BABA-4BF3-867A-33442571C443}.Release|Any CPU.ActiveCfg = Release|Any CPU
		{E1AEFD4F-BABA-4BF3-867A-33442571C443}.Release|Any CPU.Build.0 = Release|Any CPU
		{84D927DB-A1BC-4771-B837-86D719C5272E}.Debug|Any CPU.ActiveCfg = Debug|Any CPU
		{84D927DB-A1BC-4771-B837-86D719C5272E}.Debug|Any CPU.Build.0 = Debug|Any CPU
		{84D927DB-A1BC-4771-B837-86D719C5272E}.Release|Any CPU.ActiveCfg = Release|Any CPU
		{84D927DB-A1BC-4771-B837-86D719C5272E}.Release|Any CPU.Build.0 = Release|Any CPU
		{F1D5B202-EFED-441F-ABF2-8418C55D8E43}.Debug|Any CPU.ActiveCfg = Debug|Any CPU
		{F1D5B202-EFED-441F-ABF2-8418C55D8E43}.Debug|Any CPU.Build.0 = Debug|Any CPU
		{F1D5B202-EFED-441F-ABF2-8418C55D8E43}.Release|Any CPU.ActiveCfg = Release|Any CPU
		{F1D5B202-EFED-441F-ABF2-8418C55D8E43}.Release|Any CPU.Build.0 = Release|Any CPU
		{9788D750-EFE6-42D0-B110-B2C60A755BC3}.Debug|Any CPU.ActiveCfg = Debug|Any CPU
		{9788D750-EFE6-42D0-B110-B2C60A755BC3}.Debug|Any CPU.Build.0 = Debug|Any CPU
		{9788D750-EFE6-42D0-B110-B2C60A755BC3}.Release|Any CPU.ActiveCfg = Release|Any CPU
		{9788D750-EFE6-42D0-B110-B2C60A755BC3}.Release|Any CPU.Build.0 = Release|Any CPU
		{619A4139-1FCB-4B75-B9BF-90758C8B725B}.Debug|Any CPU.ActiveCfg = Debug|Any CPU
		{619A4139-1FCB-4B75-B9BF-90758C8B725B}.Debug|Any CPU.Build.0 = Debug|Any CPU
		{619A4139-1FCB-4B75-B9BF-90758C8B725B}.Release|Any CPU.ActiveCfg = Release|Any CPU
		{619A4139-1FCB-4B75-B9BF-90758C8B725B}.Release|Any CPU.Build.0 = Release|Any CPU
		{EB2C5298-73E9-4460-B50E-BDB05FFD9DCB}.Debug|Any CPU.ActiveCfg = Debug|Any CPU
		{EB2C5298-73E9-4460-B50E-BDB05FFD9DCB}.Debug|Any CPU.Build.0 = Debug|Any CPU
		{EB2C5298-73E9-4460-B50E-BDB05FFD9DCB}.Release|Any CPU.ActiveCfg = Release|Any CPU
		{EB2C5298-73E9-4460-B50E-BDB05FFD9DCB}.Release|Any CPU.Build.0 = Release|Any CPU
		{1C2279F6-ED5D-4E53-82B3-EBC2A513DFB2}.Debug|Any CPU.ActiveCfg = Debug|Any CPU
		{1C2279F6-ED5D-4E53-82B3-EBC2A513DFB2}.Debug|Any CPU.Build.0 = Debug|Any CPU
		{1C2279F6-ED5D-4E53-82B3-EBC2A513DFB2}.Release|Any CPU.ActiveCfg = Release|Any CPU
		{1C2279F6-ED5D-4E53-82B3-EBC2A513DFB2}.Release|Any CPU.Build.0 = Release|Any CPU
		{3A279C62-6AFA-4972-B118-5C946C6FA1E7}.Debug|Any CPU.ActiveCfg = Debug|Any CPU
		{3A279C62-6AFA-4972-B118-5C946C6FA1E7}.Debug|Any CPU.Build.0 = Debug|Any CPU
		{3A279C62-6AFA-4972-B118-5C946C6FA1E7}.Release|Any CPU.ActiveCfg = Release|Any CPU
		{3A279C62-6AFA-4972-B118-5C946C6FA1E7}.Release|Any CPU.Build.0 = Release|Any CPU
		{40916B31-6192-466E-A3D7-E1AAFC1B66F6}.Debug|Any CPU.ActiveCfg = Debug|Any CPU
		{40916B31-6192-466E-A3D7-E1AAFC1B66F6}.Debug|Any CPU.Build.0 = Debug|Any CPU
		{40916B31-6192-466E-A3D7-E1AAFC1B66F6}.Release|Any CPU.ActiveCfg = Release|Any CPU
		{40916B31-6192-466E-A3D7-E1AAFC1B66F6}.Release|Any CPU.Build.0 = Release|Any CPU
		{26F7562C-3D37-409E-A999-D3A7F062037B}.Debug|Any CPU.ActiveCfg = Debug|Any CPU
		{26F7562C-3D37-409E-A999-D3A7F062037B}.Debug|Any CPU.Build.0 = Debug|Any CPU
		{26F7562C-3D37-409E-A999-D3A7F062037B}.Release|Any CPU.ActiveCfg = Release|Any CPU
		{26F7562C-3D37-409E-A999-D3A7F062037B}.Release|Any CPU.Build.0 = Release|Any CPU
		{D012308A-07DB-488A-ABAC-54735E946C31}.Debug|Any CPU.ActiveCfg = Debug|Any CPU
		{D012308A-07DB-488A-ABAC-54735E946C31}.Debug|Any CPU.Build.0 = Debug|Any CPU
		{D012308A-07DB-488A-ABAC-54735E946C31}.Release|Any CPU.ActiveCfg = Release|Any CPU
		{D012308A-07DB-488A-ABAC-54735E946C31}.Release|Any CPU.Build.0 = Release|Any CPU
		{40BCF965-B235-4151-915D-7071982A26EA}.Debug|Any CPU.ActiveCfg = Debug|Any CPU
		{40BCF965-B235-4151-915D-7071982A26EA}.Debug|Any CPU.Build.0 = Debug|Any CPU
		{40BCF965-B235-4151-915D-7071982A26EA}.Release|Any CPU.ActiveCfg = Release|Any CPU
		{40BCF965-B235-4151-915D-7071982A26EA}.Release|Any CPU.Build.0 = Release|Any CPU
		{A2E098C5-C7AC-42E1-B31A-E222C252FD8C}.Debug|Any CPU.ActiveCfg = Debug|Any CPU
		{A2E098C5-C7AC-42E1-B31A-E222C252FD8C}.Debug|Any CPU.Build.0 = Debug|Any CPU
		{A2E098C5-C7AC-42E1-B31A-E222C252FD8C}.Release|Any CPU.ActiveCfg = Release|Any CPU
		{A2E098C5-C7AC-42E1-B31A-E222C252FD8C}.Release|Any CPU.Build.0 = Release|Any CPU
		{377204F4-6C9F-40BE-8176-5238CC15E370}.Debug|Any CPU.ActiveCfg = Debug|Any CPU
		{377204F4-6C9F-40BE-8176-5238CC15E370}.Debug|Any CPU.Build.0 = Debug|Any CPU
		{377204F4-6C9F-40BE-8176-5238CC15E370}.Release|Any CPU.ActiveCfg = Release|Any CPU
		{377204F4-6C9F-40BE-8176-5238CC15E370}.Release|Any CPU.Build.0 = Release|Any CPU
	EndGlobalSection
	GlobalSection(SolutionProperties) = preSolution
		HideSolutionNode = FALSE
	EndGlobalSection
	GlobalSection(NestedProjects) = preSolution
		{D2C63F0F-AA32-46E0-BBC4-A4CB7DC9C38B} = {3D382CFE-59FD-4C57-9932-265890633A2B}
		{306C4B47-D183-4B51-99F8-73F6466585AD} = {3D382CFE-59FD-4C57-9932-265890633A2B}
		{482941B6-D0E4-4739-AB46-95B6FD61C9A2} = {3D382CFE-59FD-4C57-9932-265890633A2B}
		{F7FAF991-301C-403E-9B7F-6A58F4088CF3} = {A9F9D826-F1CA-453B-A773-34F58E74EB0B}
		{84D380F7-CD81-42A8-BA8B-5982678F5FDD} = {A9F9D826-F1CA-453B-A773-34F58E74EB0B}
		{1C373D79-1800-4417-861C-D63AE7439810} = {A9F9D826-F1CA-453B-A773-34F58E74EB0B}
		{EDDE5B80-9EDD-4EAA-ABBA-4B2F32C0D2F2} = {E0985675-5F69-4B7E-87B8-89FF8B4A42B5}
		{DA3B549F-3559-427E-99CD-DC9995025F95} = {E0985675-5F69-4B7E-87B8-89FF8B4A42B5}
		{6896E8B3-30F5-4C24-A06D-DD03EF7AF029} = {E0985675-5F69-4B7E-87B8-89FF8B4A42B5}
		{97F4A845-5930-430F-B4FC-D7280CE4CB14} = {4ECE59D0-20DB-40A5-AFF6-F5D8F4D5BDAF}
		{E1AEFD4F-BABA-4BF3-867A-33442571C443} = {4ECE59D0-20DB-40A5-AFF6-F5D8F4D5BDAF}
		{84D927DB-A1BC-4771-B837-86D719C5272E} = {4ECE59D0-20DB-40A5-AFF6-F5D8F4D5BDAF}
		{F1D5B202-EFED-441F-ABF2-8418C55D8E43} = {C893CC29-C0F7-4A6C-9FDA-674501460800}
		{9788D750-EFE6-42D0-B110-B2C60A755BC3} = {C893CC29-C0F7-4A6C-9FDA-674501460800}
		{619A4139-1FCB-4B75-B9BF-90758C8B725B} = {C893CC29-C0F7-4A6C-9FDA-674501460800}
		{EB2C5298-73E9-4460-B50E-BDB05FFD9DCB} = {37693C07-01CD-474F-B6F2-9AC3C779F3D0}
		{1C2279F6-ED5D-4E53-82B3-EBC2A513DFB2} = {37693C07-01CD-474F-B6F2-9AC3C779F3D0}
		{3A279C62-6AFA-4972-B118-5C946C6FA1E7} = {37693C07-01CD-474F-B6F2-9AC3C779F3D0}
		{40916B31-6192-466E-A3D7-E1AAFC1B66F6} = {444849A2-E78B-4312-B2C7-8C636C017FEB}
		{26F7562C-3D37-409E-A999-D3A7F062037B} = {444849A2-E78B-4312-B2C7-8C636C017FEB}
		{D012308A-07DB-488A-ABAC-54735E946C31} = {444849A2-E78B-4312-B2C7-8C636C017FEB}
		{40BCF965-B235-4151-915D-7071982A26EA} = {A0CCF233-D37B-470E-8DF1-F53D5AF424BA}
		{A2E098C5-C7AC-42E1-B31A-E222C252FD8C} = {A0CCF233-D37B-470E-8DF1-F53D5AF424BA}
		{377204F4-6C9F-40BE-8176-5238CC15E370} = {A0CCF233-D37B-470E-8DF1-F53D5AF424BA}
	EndGlobalSection
	GlobalSection(ExtensibilityGlobals) = postSolution
		SolutionGuid = {2132FF22-76EC-482E-B10F-215B81CE29B7}
	EndGlobalSection
EndGlobal
